
Microsoft Visual Studio Solution File, Format Version 12.00
# Visual Studio Version 17
VisualStudioVersion = 17.2.32630.192
MinimumVisualStudioVersion = 10.0.40219.1
Project("{F184B08F-C81C-45F6-A57F-5ABD9991F28F}") = "prj_si_adsva2_2s22", "prj_si_adsva2_2s22.vbproj", "{F5C41D26-B2C9-4F99-AADF-D8DE64BA89E1}"
EndProject
Global
	GlobalSection(SolutionConfigurationPlatforms) = preSolution
		Debug|Any CPU = Debug|Any CPU
		Release|Any CPU = Release|Any CPU
	EndGlobalSection
	GlobalSection(ProjectConfigurationPlatforms) = postSolution
		{F5C41D26-B2C9-4F99-AADF-D8DE64BA89E1}.Debug|Any CPU.ActiveCfg = Debug|Any CPU
		{F5C41D26-B2C9-4F99-AADF-D8DE64BA89E1}.Debug|Any CPU.Build.0 = Debug|Any CPU
		{F5C41D26-B2C9-4F99-AADF-D8DE64BA89E1}.Release|Any CPU.ActiveCfg = Release|Any CPU
		{F5C41D26-B2C9-4F99-AADF-D8DE64BA89E1}.Release|Any CPU.Build.0 = Release|Any CPU
	EndGlobalSection
	GlobalSection(SolutionProperties) = preSolution
		HideSolutionNode = FALSE
	EndGlobalSection
	GlobalSection(ExtensibilityGlobals) = postSolution
		SolutionGuid = {A11A679B-D80C-48C2-8C79-B0B4E119A3D3}
	EndGlobalSection
EndGlobal
